// !$*UTF8*$!
{
	archiveVersion = 1;
	classes = {
	};
	objectVersion = 50;
	objects = {

/* Begin PBXBuildFile section */
		130B49D423FD9AEC004BC9C0 /* GuestVC.swift in Sources */ = {isa = PBXBuildFile; fileRef = 130B49D323FD9AEC004BC9C0 /* GuestVC.swift */; };
		13411BA523F59BF10058D1F2 /* CommentsVC.swift in Sources */ = {isa = PBXBuildFile; fileRef = 13411BA423F59BF10058D1F2 /* CommentsVC.swift */; };
		13411BA723F59BF80058D1F2 /* CommentCell.swift in Sources */ = {isa = PBXBuildFile; fileRef = 13411BA623F59BF80058D1F2 /* CommentCell.swift */; };
		13411BA923F721010058D1F2 /* FriendsVC.swift in Sources */ = {isa = PBXBuildFile; fileRef = 13411BA823F721010058D1F2 /* FriendsVC.swift */; };
		13411BAB23F724DE0058D1F2 /* SearchUserCell.swift in Sources */ = {isa = PBXBuildFile; fileRef = 13411BAA23F724DE0058D1F2 /* SearchUserCell.swift */; };
		134F5B4F23EC70F900570569 /* BioVC.swift in Sources */ = {isa = PBXBuildFile; fileRef = 134F5B4E23EC70F900570569 /* BioVC.swift */; };
		134F5B5123EDFD4D00570569 /* PostVC.swift in Sources */ = {isa = PBXBuildFile; fileRef = 134F5B5023EDFD4D00570569 /* PostVC.swift */; };
		13AEAD3223E1E0FC00757BE8 /* HomeVC.swift in Sources */ = {isa = PBXBuildFile; fileRef = 13AEAD3123E1E0FC00757BE8 /* HomeVC.swift */; };
		13B83BE123EEF5D800A20AFB /* EditVC.swift in Sources */ = {isa = PBXBuildFile; fileRef = 13B83BE023EEF5D800A20AFB /* EditVC.swift */; };
		13B83BE423F1C34300A20AFB /* NoPicCell.swift in Sources */ = {isa = PBXBuildFile; fileRef = 13B83BE223F1C34200A20AFB /* NoPicCell.swift */; };
		13B83BE523F1C34300A20AFB /* PicCell.swift in Sources */ = {isa = PBXBuildFile; fileRef = 13B83BE323F1C34300A20AFB /* PicCell.swift */; };
		13F6715F23D75DCD005B3A31 /* AppDelegate.swift in Sources */ = {isa = PBXBuildFile; fileRef = 13F6715E23D75DCD005B3A31 /* AppDelegate.swift */; };
		13F6716123D75DCD005B3A31 /* SceneDelegate.swift in Sources */ = {isa = PBXBuildFile; fileRef = 13F6716023D75DCD005B3A31 /* SceneDelegate.swift */; };
		13F6716823D75DD2005B3A31 /* Assets.xcassets in Resources */ = {isa = PBXBuildFile; fileRef = 13F6716723D75DD2005B3A31 /* Assets.xcassets */; };
		13F6716B23D75DD2005B3A31 /* LaunchScreen.storyboard in Resources */ = {isa = PBXBuildFile; fileRef = 13F6716923D75DD2005B3A31 /* LaunchScreen.storyboard */; };
		D36ED4EA23DEB8F600EB5DCE /* RegisterVC.swift in Sources */ = {isa = PBXBuildFile; fileRef = D36ED4E723DEB8F600EB5DCE /* RegisterVC.swift */; };
		D36ED4EB23DEB8F600EB5DCE /* LoginVC.swift in Sources */ = {isa = PBXBuildFile; fileRef = D36ED4E823DEB8F600EB5DCE /* LoginVC.swift */; };
		D36ED4EC23DEB8F600EB5DCE /* Helper.swift in Sources */ = {isa = PBXBuildFile; fileRef = D36ED4E923DEB8F600EB5DCE /* Helper.swift */; };
		D36ED4EE23DEB90B00EB5DCE /* Main.storyboard in Resources */ = {isa = PBXBuildFile; fileRef = D36ED4ED23DEB90B00EB5DCE /* Main.storyboard */; };
		D36ED4F023DEBE0600EB5DCE /* ApiClient.swift in Sources */ = {isa = PBXBuildFile; fileRef = D36ED4EF23DEBE0600EB5DCE /* ApiClient.swift */; };
/* End PBXBuildFile section */

/* Begin PBXFileReference section */
		130B49D323FD9AEC004BC9C0 /* GuestVC.swift */ = {isa = PBXFileReference; fileEncoding = 4; lastKnownFileType = sourcecode.swift; path = GuestVC.swift; sourceTree = "<group>"; };
		13411BA423F59BF10058D1F2 /* CommentsVC.swift */ = {isa = PBXFileReference; fileEncoding = 4; lastKnownFileType = sourcecode.swift; path = CommentsVC.swift; sourceTree = "<group>"; };
		13411BA623F59BF80058D1F2 /* CommentCell.swift */ = {isa = PBXFileReference; fileEncoding = 4; lastKnownFileType = sourcecode.swift; path = CommentCell.swift; sourceTree = "<group>"; };
		13411BA823F721010058D1F2 /* FriendsVC.swift */ = {isa = PBXFileReference; lastKnownFileType = sourcecode.swift; path = FriendsVC.swift; sourceTree = "<group>"; };
		13411BAA23F724DE0058D1F2 /* SearchUserCell.swift */ = {isa = PBXFileReference; lastKnownFileType = sourcecode.swift; path = SearchUserCell.swift; sourceTree = "<group>"; };
		134F5B4E23EC70F900570569 /* BioVC.swift */ = {isa = PBXFileReference; fileEncoding = 4; lastKnownFileType = sourcecode.swift; path = BioVC.swift; sourceTree = "<group>"; };
		134F5B5023EDFD4D00570569 /* PostVC.swift */ = {isa = PBXFileReference; lastKnownFileType = sourcecode.swift; path = PostVC.swift; sourceTree = "<group>"; };
		13AEAD3123E1E0FC00757BE8 /* HomeVC.swift */ = {isa = PBXFileReference; fileEncoding = 4; lastKnownFileType = sourcecode.swift; path = HomeVC.swift; sourceTree = "<group>"; };
		13B83BE023EEF5D800A20AFB /* EditVC.swift */ = {isa = PBXFileReference; lastKnownFileType = sourcecode.swift; path = EditVC.swift; sourceTree = "<group>"; };
		13B83BE223F1C34200A20AFB /* NoPicCell.swift */ = {isa = PBXFileReference; fileEncoding = 4; lastKnownFileType = sourcecode.swift; path = NoPicCell.swift; sourceTree = "<group>"; };
		13B83BE323F1C34300A20AFB /* PicCell.swift */ = {isa = PBXFileReference; fileEncoding = 4; lastKnownFileType = sourcecode.swift; path = PicCell.swift; sourceTree = "<group>"; };
		13F6715B23D75DCD005B3A31 /* FacebookClone.app */ = {isa = PBXFileReference; explicitFileType = wrapper.application; includeInIndex = 0; path = FacebookClone.app; sourceTree = BUILT_PRODUCTS_DIR; };
		13F6715E23D75DCD005B3A31 /* AppDelegate.swift */ = {isa = PBXFileReference; lastKnownFileType = sourcecode.swift; path = AppDelegate.swift; sourceTree = "<group>"; };
		13F6716023D75DCD005B3A31 /* SceneDelegate.swift */ = {isa = PBXFileReference; lastKnownFileType = sourcecode.swift; path = SceneDelegate.swift; sourceTree = "<group>"; };
		13F6716723D75DD2005B3A31 /* Assets.xcassets */ = {isa = PBXFileReference; lastKnownFileType = folder.assetcatalog; path = Assets.xcassets; sourceTree = "<group>"; };
		13F6716A23D75DD2005B3A31 /* Base */ = {isa = PBXFileReference; lastKnownFileType = file.storyboard; name = Base; path = Base.lproj/LaunchScreen.storyboard; sourceTree = "<group>"; };
		13F6716C23D75DD2005B3A31 /* Info.plist */ = {isa = PBXFileReference; lastKnownFileType = text.plist.xml; path = Info.plist; sourceTree = "<group>"; };
		D36ED4E723DEB8F600EB5DCE /* RegisterVC.swift */ = {isa = PBXFileReference; fileEncoding = 4; lastKnownFileType = sourcecode.swift; path = RegisterVC.swift; sourceTree = "<group>"; };
		D36ED4E823DEB8F600EB5DCE /* LoginVC.swift */ = {isa = PBXFileReference; fileEncoding = 4; lastKnownFileType = sourcecode.swift; path = LoginVC.swift; sourceTree = "<group>"; };
		D36ED4E923DEB8F600EB5DCE /* Helper.swift */ = {isa = PBXFileReference; fileEncoding = 4; lastKnownFileType = sourcecode.swift; path = Helper.swift; sourceTree = "<group>"; };
		D36ED4ED23DEB90B00EB5DCE /* Main.storyboard */ = {isa = PBXFileReference; fileEncoding = 4; lastKnownFileType = file.storyboard; path = Main.storyboard; sourceTree = "<group>"; };
		D36ED4EF23DEBE0600EB5DCE /* ApiClient.swift */ = {isa = PBXFileReference; lastKnownFileType = sourcecode.swift; path = ApiClient.swift; sourceTree = "<group>"; };
/* End PBXFileReference section */

/* Begin PBXFrameworksBuildPhase section */
		13F6715823D75DCD005B3A31 /* Frameworks */ = {
			isa = PBXFrameworksBuildPhase;
			buildActionMask = 2147483647;
			files = (
			);
			runOnlyForDeploymentPostprocessing = 0;
		};
/* End PBXFrameworksBuildPhase section */

/* Begin PBXGroup section */
		13F6715223D75DCD005B3A31 = {
			isa = PBXGroup;
			children = (
				13F6715D23D75DCD005B3A31 /* FacebookClone */,
				13F6715C23D75DCD005B3A31 /* Products */,
			);
			sourceTree = "<group>";
		};
		13F6715C23D75DCD005B3A31 /* Products */ = {
			isa = PBXGroup;
			children = (
				13F6715B23D75DCD005B3A31 /* FacebookClone.app */,
			);
			name = Products;
			sourceTree = "<group>";
		};
		13F6715D23D75DCD005B3A31 /* FacebookClone */ = {
			isa = PBXGroup;
			children = (
				13F6715E23D75DCD005B3A31 /* AppDelegate.swift */,
				13F6716023D75DCD005B3A31 /* SceneDelegate.swift */,
				D36ED4E823DEB8F600EB5DCE /* LoginVC.swift */,
				D36ED4E723DEB8F600EB5DCE /* RegisterVC.swift */,
				13AEAD3123E1E0FC00757BE8 /* HomeVC.swift */,
				134F5B4E23EC70F900570569 /* BioVC.swift */,
				134F5B5023EDFD4D00570569 /* PostVC.swift */,
				13B83BE023EEF5D800A20AFB /* EditVC.swift */,
				13411BA423F59BF10058D1F2 /* CommentsVC.swift */,
				13411BA823F721010058D1F2 /* FriendsVC.swift */,
				130B49D323FD9AEC004BC9C0 /* GuestVC.swift */,
				D36ED4E923DEB8F600EB5DCE /* Helper.swift */,
				D36ED4EF23DEBE0600EB5DCE /* ApiClient.swift */,
				D36ED4ED23DEB90B00EB5DCE /* Main.storyboard */,
				13B83BE223F1C34200A20AFB /* NoPicCell.swift */,
				13B83BE323F1C34300A20AFB /* PicCell.swift */,
				13411BA623F59BF80058D1F2 /* CommentCell.swift */,
				13411BAA23F724DE0058D1F2 /* SearchUserCell.swift */,
				13F6716723D75DD2005B3A31 /* Assets.xcassets */,
				13F6716923D75DD2005B3A31 /* LaunchScreen.storyboard */,
				13F6716C23D75DD2005B3A31 /* Info.plist */,
			);
			path = FacebookClone;
			sourceTree = "<group>";
		};
/* End PBXGroup section */

/* Begin PBXNativeTarget section */
		13F6715A23D75DCD005B3A31 /* FacebookClone */ = {
			isa = PBXNativeTarget;
			buildConfigurationList = 13F6716F23D75DD2005B3A31 /* Build configuration list for PBXNativeTarget "FacebookClone" */;
			buildPhases = (
				13F6715723D75DCD005B3A31 /* Sources */,
				13F6715823D75DCD005B3A31 /* Frameworks */,
				13F6715923D75DCD005B3A31 /* Resources */,
			);
			buildRules = (
			);
			dependencies = (
			);
			name = FacebookClone;
			productName = FacebookClone;
			productReference = 13F6715B23D75DCD005B3A31 /* FacebookClone.app */;
			productType = "com.apple.product-type.application";
		};
/* End PBXNativeTarget section */

/* Begin PBXProject section */
		13F6715323D75DCD005B3A31 /* Project object */ = {
			isa = PBXProject;
			attributes = {
				LastSwiftUpdateCheck = 1130;
				LastUpgradeCheck = 1130;
				ORGANIZATIONNAME = "Ravi Rana";
				TargetAttributes = {
					13F6715A23D75DCD005B3A31 = {
						CreatedOnToolsVersion = 11.3.1;
					};
				};
			};
			buildConfigurationList = 13F6715623D75DCD005B3A31 /* Build configuration list for PBXProject "FacebookClone" */;
			compatibilityVersion = "Xcode 9.3";
			developmentRegion = en;
			hasScannedForEncodings = 0;
			knownRegions = (
				en,
				Base,
			);
			mainGroup = 13F6715223D75DCD005B3A31;
			productRefGroup = 13F6715C23D75DCD005B3A31 /* Products */;
			projectDirPath = "";
			projectRoot = "";
			targets = (
				13F6715A23D75DCD005B3A31 /* FacebookClone */,
			);
		};
/* End PBXProject section */

/* Begin PBXResourcesBuildPhase section */
		13F6715923D75DCD005B3A31 /* Resources */ = {
			isa = PBXResourcesBuildPhase;
			buildActionMask = 2147483647;
			files = (
				D36ED4EE23DEB90B00EB5DCE /* Main.storyboard in Resources */,
				13F6716B23D75DD2005B3A31 /* LaunchScreen.storyboard in Resources */,
				13F6716823D75DD2005B3A31 /* Assets.xcassets in Resources */,
			);
			runOnlyForDeploymentPostprocessing = 0;
		};
/* End PBXResourcesBuildPhase section */

/* Begin PBXSourcesBuildPhase section */
		13F6715723D75DCD005B3A31 /* Sources */ = {
			isa = PBXSourcesBuildPhase;
			buildActionMask = 2147483647;
			files = (
				13411BA523F59BF10058D1F2 /* CommentsVC.swift in Sources */,
				13B83BE123EEF5D800A20AFB /* EditVC.swift in Sources */,
				13B83BE423F1C34300A20AFB /* NoPicCell.swift in Sources */,
				D36ED4EA23DEB8F600EB5DCE /* RegisterVC.swift in Sources */,
				13411BAB23F724DE0058D1F2 /* SearchUserCell.swift in Sources */,
				134F5B4F23EC70F900570569 /* BioVC.swift in Sources */,
				13AEAD3223E1E0FC00757BE8 /* HomeVC.swift in Sources */,
				13F6715F23D75DCD005B3A31 /* AppDelegate.swift in Sources */,
				D36ED4EC23DEB8F600EB5DCE /* Helper.swift in Sources */,
				D36ED4EB23DEB8F600EB5DCE /* LoginVC.swift in Sources */,
				13B83BE523F1C34300A20AFB /* PicCell.swift in Sources */,
				130B49D423FD9AEC004BC9C0 /* GuestVC.swift in Sources */,
				134F5B5123EDFD4D00570569 /* PostVC.swift in Sources */,
				13F6716123D75DCD005B3A31 /* SceneDelegate.swift in Sources */,
				D36ED4F023DEBE0600EB5DCE /* ApiClient.swift in Sources */,
				13411BA723F59BF80058D1F2 /* CommentCell.swift in Sources */,
				13411BA923F721010058D1F2 /* FriendsVC.swift in Sources */,
			);
			runOnlyForDeploymentPostprocessing = 0;
		};
/* End PBXSourcesBuildPhase section */

/* Begin PBXVariantGroup section */
		13F6716923D75DD2005B3A31 /* LaunchScreen.storyboard */ = {
			isa = PBXVariantGroup;
			children = (
				13F6716A23D75DD2005B3A31 /* Base */,
			);
			name = LaunchScreen.storyboard;
			sourceTree = "<group>";
		};
/* End PBXVariantGroup section */

/* Begin XCBuildConfiguration section */
		13F6716D23D75DD2005B3A31 /* Debug */ = {
			isa = XCBuildConfiguration;
			buildSettings = {
				ALWAYS_SEARCH_USER_PATHS = NO;
				CLANG_ANALYZER_NONNULL = YES;
				CLANG_ANALYZER_NUMBER_OBJECT_CONVERSION = YES_AGGRESSIVE;
				CLANG_CXX_LANGUAGE_STANDARD = "gnu++14";
				CLANG_CXX_LIBRARY = "libc++";
				CLANG_ENABLE_MODULES = YES;
				CLANG_ENABLE_OBJC_ARC = YES;
				CLANG_ENABLE_OBJC_WEAK = YES;
				CLANG_WARN_BLOCK_CAPTURE_AUTORELEASING = YES;
				CLANG_WARN_BOOL_CONVERSION = YES;
				CLANG_WARN_COMMA = YES;
				CLANG_WARN_CONSTANT_CONVERSION = YES;
				CLANG_WARN_DEPRECATED_OBJC_IMPLEMENTATIONS = YES;
				CLANG_WARN_DIRECT_OBJC_ISA_USAGE = YES_ERROR;
				CLANG_WARN_DOCUMENTATION_COMMENTS = YES;
				CLANG_WARN_EMPTY_BODY = YES;
				CLANG_WARN_ENUM_CONVERSION = YES;
				CLANG_WARN_INFINITE_RECURSION = YES;
				CLANG_WARN_INT_CONVERSION = YES;
				CLANG_WARN_NON_LITERAL_NULL_CONVERSION = YES;
				CLANG_WARN_OBJC_IMPLICIT_RETAIN_SELF = YES;
				CLANG_WARN_OBJC_LITERAL_CONVERSION = YES;
				CLANG_WARN_OBJC_ROOT_CLASS = YES_ERROR;
				CLANG_WARN_RANGE_LOOP_ANALYSIS = YES;
				CLANG_WARN_STRICT_PROTOTYPES = YES;
				CLANG_WARN_SUSPICIOUS_MOVE = YES;
				CLANG_WARN_UNGUARDED_AVAILABILITY = YES_AGGRESSIVE;
				CLANG_WARN_UNREACHABLE_CODE = YES;
				CLANG_WARN__DUPLICATE_METHOD_MATCH = YES;
				COPY_PHASE_STRIP = NO;
				DEBUG_INFORMATION_FORMAT = dwarf;
				ENABLE_STRICT_OBJC_MSGSEND = YES;
				ENABLE_TESTABILITY = YES;
				GCC_C_LANGUAGE_STANDARD = gnu11;
				GCC_DYNAMIC_NO_PIC = NO;
				GCC_NO_COMMON_BLOCKS = YES;
				GCC_OPTIMIZATION_LEVEL = 0;
				GCC_PREPROCESSOR_DEFINITIONS = (
					"DEBUG=1",
					"$(inherited)",
				);
				GCC_WARN_64_TO_32_BIT_CONVERSION = YES;
				GCC_WARN_ABOUT_RETURN_TYPE = YES_ERROR;
				GCC_WARN_UNDECLARED_SELECTOR = YES;
				GCC_WARN_UNINITIALIZED_AUTOS = YES_AGGRESSIVE;
				GCC_WARN_UNUSED_FUNCTION = YES;
				GCC_WARN_UNUSED_VARIABLE = YES;
				IPHONEOS_DEPLOYMENT_TARGET = 13.0;
				MTL_ENABLE_DEBUG_INFO = INCLUDE_SOURCE;
				MTL_FAST_MATH = YES;
				ONLY_ACTIVE_ARCH = YES;
				SDKROOT = iphoneos;
				SWIFT_ACTIVE_COMPILATION_CONDITIONS = DEBUG;
				SWIFT_OPTIMIZATION_LEVEL = "-Onone";
			};
			name = Debug;
		};
		13F6716E23D75DD2005B3A31 /* Release */ = {
			isa = XCBuildConfiguration;
			buildSettings = {
				ALWAYS_SEARCH_USER_PATHS = NO;
				CLANG_ANALYZER_NONNULL = YES;
				CLANG_ANALYZER_NUMBER_OBJECT_CONVERSION = YES_AGGRESSIVE;
				CLANG_CXX_LANGUAGE_STANDARD = "gnu++14";
				CLANG_CXX_LIBRARY = "libc++";
				CLANG_ENABLE_MODULES = YES;
				CLANG_ENABLE_OBJC_ARC = YES;
				CLANG_ENABLE_OBJC_WEAK = YES;
				CLANG_WARN_BLOCK_CAPTURE_AUTORELEASING = YES;
				CLANG_WARN_BOOL_CONVERSION = YES;
				CLANG_WARN_COMMA = YES;
				CLANG_WARN_CONSTANT_CONVERSION = YES;
				CLANG_WARN_DEPRECATED_OBJC_IMPLEMENTATIONS = YES;
				CLANG_WARN_DIRECT_OBJC_ISA_USAGE = YES_ERROR;
				CLANG_WARN_DOCUMENTATION_COMMENTS = YES;
				CLANG_WARN_EMPTY_BODY = YES;
				CLANG_WARN_ENUM_CONVERSION = YES;
				CLANG_WARN_INFINITE_RECURSION = YES;
				CLANG_WARN_INT_CONVERSION = YES;
				CLANG_WARN_NON_LITERAL_NULL_CONVERSION = YES;
				CLANG_WARN_OBJC_IMPLICIT_RETAIN_SELF = YES;
				CLANG_WARN_OBJC_LITERAL_CONVERSION = YES;
				CLANG_WARN_OBJC_ROOT_CLASS = YES_ERROR;
				CLANG_WARN_RANGE_LOOP_ANALYSIS = YES;
				CLANG_WARN_STRICT_PROTOTYPES = YES;
				CLANG_WARN_SUSPICIOUS_MOVE = YES;
				CLANG_WARN_UNGUARDED_AVAILABILITY = YES_AGGRESSIVE;
				CLANG_WARN_UNREACHABLE_CODE = YES;
				CLANG_WARN__DUPLICATE_METHOD_MATCH = YES;
				COPY_PHASE_STRIP = NO;
				DEBUG_INFORMATION_FORMAT = "dwarf-with-dsym";
				ENABLE_NS_ASSERTIONS = NO;
				ENABLE_STRICT_OBJC_MSGSEND = YES;
				GCC_C_LANGUAGE_STANDARD = gnu11;
				GCC_NO_COMMON_BLOCKS = YES;
				GCC_WARN_64_TO_32_BIT_CONVERSION = YES;
				GCC_WARN_ABOUT_RETURN_TYPE = YES_ERROR;
				GCC_WARN_UNDECLARED_SELECTOR = YES;
				GCC_WARN_UNINITIALIZED_AUTOS = YES_AGGRESSIVE;
				GCC_WARN_UNUSED_FUNCTION = YES;
				GCC_WARN_UNUSED_VARIABLE = YES;
				IPHONEOS_DEPLOYMENT_TARGET = 13.0;
				MTL_ENABLE_DEBUG_INFO = NO;
				MTL_FAST_MATH = YES;
				SDKROOT = iphoneos;
				SWIFT_COMPILATION_MODE = wholemodule;
				SWIFT_OPTIMIZATION_LEVEL = "-O";
				VALIDATE_PRODUCT = YES;
			};
			name = Release;
		};
		13F6717023D75DD2005B3A31 /* Debug */ = {
			isa = XCBuildConfiguration;
			buildSettings = {
				ASSETCATALOG_COMPILER_APPICON_NAME = AppIcon;
				CODE_SIGN_STYLE = Automatic;
				DEVELOPMENT_TEAM = C25NY8RFGJ;
				INFOPLIST_FILE = FacebookClone/Info.plist;
				LD_RUNPATH_SEARCH_PATHS = (
					"$(inherited)",
					"@executable_path/Frameworks",
				);
				PRODUCT_BUNDLE_IDENTIFIER = com.app.FacebookClone.FacebookClone;
				PRODUCT_NAME = "$(TARGET_NAME)";
				SWIFT_VERSION = 5.0;
				TARGETED_DEVICE_FAMILY = "1,2";
			};
			name = Debug;
		};
		13F6717123D75DD2005B3A31 /* Release */ = {
			isa = XCBuildConfiguration;
			buildSettings = {
				ASSETCATALOG_COMPILER_APPICON_NAME = AppIcon;
				CODE_SIGN_STYLE = Automatic;
				DEVELOPMENT_TEAM = C25NY8RFGJ;
				INFOPLIST_FILE = FacebookClone/Info.plist;
				LD_RUNPATH_SEARCH_PATHS = (
					"$(inherited)",
					"@executable_path/Frameworks",
				);
				PRODUCT_BUNDLE_IDENTIFIER = com.app.FacebookClone.FacebookClone;
				PRODUCT_NAME = "$(TARGET_NAME)";
				SWIFT_VERSION = 5.0;
				TARGETED_DEVICE_FAMILY = "1,2";
			};
			name = Release;
		};
/* End XCBuildConfiguration section */

/* Begin XCConfigurationList section */
		13F6715623D75DCD005B3A31 /* Build configuration list for PBXProject "FacebookClone" */ = {
			isa = XCConfigurationList;
			buildConfigurations = (
				13F6716D23D75DD2005B3A31 /* Debug */,
				13F6716E23D75DD2005B3A31 /* Release */,
			);
			defaultConfigurationIsVisible = 0;
			defaultConfigurationName = Release;
		};
		13F6716F23D75DD2005B3A31 /* Build configuration list for PBXNativeTarget "FacebookClone" */ = {
			isa = XCConfigurationList;
			buildConfigurations = (
				13F6717023D75DD2005B3A31 /* Debug */,
				13F6717123D75DD2005B3A31 /* Release */,
			);
			defaultConfigurationIsVisible = 0;
			defaultConfigurationName = Release;
		};
/* End XCConfigurationList section */
	};
	rootObject = 13F6715323D75DCD005B3A31 /* Project object */;
}
